
Microsoft Visual Studio Solution File, Format Version 12.00
# Visual Studio Version 17
VisualStudioVersion = 17.14.36301.6
MinimumVisualStudioVersion = 10.0.40219.1
Project("{2150E333-8FDC-42A3-9474-1A3956D46DE8}") = "src", "src", "{02EA681E-C7D8-13C7-8484-4AC65E1B71E8}"
EndProject
Project("{2150E333-8FDC-42A3-9474-1A3956D46DE8}") = "Solution Items", "Solution Items", "{8EC462FD-D22E-90A8-E5CE-7E832BA40C5D}"
	ProjectSection(SolutionItems) = preProject
		Directory.Build.props = Directory.Build.props
		README.md = README.md
	EndProjectSection
EndProject
Project("{2150E333-8FDC-42A3-9474-1A3956D46DE8}") = "tests", "tests", "{170078B7-4B0E-4BBF-B95D-5C93650C9EE1}"
EndProject
Project("{FAE04EC0-301F-11D3-BF4B-00C04F79EFBC}") = "QuokkaPack.API", "src\QuokkaPack.API\QuokkaPack.API.csproj", "{21F68A8B-A64A-452F-B5AB-2A8EB8E3E8D1}"
EndProject
Project("{FAE04EC0-301F-11D3-BF4B-00C04F79EFBC}") = "QuokkaPack.Razor", "src\QuokkaPack.Razor\QuokkaPack.Razor.csproj", "{12158999-BC3C-4E55-96C2-AECBFE1FC56B}"
EndProject
Project("{FAE04EC0-301F-11D3-BF4B-00C04F79EFBC}") = "QuokkaPack.Data", "src\QuokkaPack.Data\QuokkaPack.Data.csproj", "{2BBCF70A-5C29-4052-AB4F-A0A82473D2F9}"
EndProject
Project("{FAE04EC0-301F-11D3-BF4B-00C04F79EFBC}") = "QuokkaPack.Shared", "src\QuokkaPack.Shared\QuokkaPack.Shared.csproj", "{47BE192D-374C-4097-93BC-4D425E78AD1B}"
EndProject
Project("{FAE04EC0-301F-11D3-BF4B-00C04F79EFBC}") = "QuokkaPack.ApiTests", "tests\QuokkaPack.ApiTests\QuokkaPack.ApiTests.csproj", "{4E91935F-5043-9116-3072-2848829D4A80}"
EndProject
Project("{E53339B2-1760-4266-BCC7-CA923CBCF16C}") = "docker-compose", "docker-compose.dcproj", "{81DDED9D-158B-E303-5F62-77A2896D2A5A}"
EndProject
Project("{FAE04EC0-301F-11D3-BF4B-00C04F79EFBC}") = "QuokkaPack.ServerCommon", "src\QuokkaPack.ServerCommon\QuokkaPack.ServerCommon.csproj", "{1A497445-6502-4263-B852-1D736AD54F86}"
EndProject
Project("{FAE04EC0-301F-11D3-BF4B-00C04F79EFBC}") = "QuokkaPack.Blazor", "src\QuokkaPack.Blazor\QuokkaPack.Blazor.csproj", "{0D51CDEA-CDC9-48E3-A6CF-94CD5E1FFE26}"
EndProject
Project("{54A90642-561A-4BB1-A94E-469ADEE60C69}") = "QuokkaPack.Angular", "src\QuokkaPack.Angular\QuokkaPack.Angular.esproj", "{06363C1C-8C78-CA27-F375-774062789C4C}"
EndProject
Project("{2150E333-8FDC-42A3-9474-1A3956D46DE8}") = "tools", "tools", "{A1F7A5F6-A301-4F44-A0A6-F2AB99715482}"
EndProject
Project("{2150E333-8FDC-42A3-9474-1A3956D46DE8}") = "codegen", "codegen", "{790EFB4A-280A-4B52-BE73-EA04B2B01265}"
	ProjectSection(SolutionItems) = preProject
		tools\codegen\openapi.nswag.json = tools\codegen\openapi.nswag.json
	EndProjectSection
EndProject
Global
	GlobalSection(SolutionConfigurationPlatforms) = preSolution
		Debug|Any CPU = Debug|Any CPU
		Release|Any CPU = Release|Any CPU
	EndGlobalSection
	GlobalSection(ProjectConfigurationPlatforms) = postSolution
		{21F68A8B-A64A-452F-B5AB-2A8EB8E3E8D1}.Debug|Any CPU.ActiveCfg = Debug|Any CPU
		{21F68A8B-A64A-452F-B5AB-2A8EB8E3E8D1}.Debug|Any CPU.Build.0 = Debug|Any CPU
		{21F68A8B-A64A-452F-B5AB-2A8EB8E3E8D1}.Release|Any CPU.ActiveCfg = Release|Any CPU
		{21F68A8B-A64A-452F-B5AB-2A8EB8E3E8D1}.Release|Any CPU.Build.0 = Release|Any CPU
		{12158999-BC3C-4E55-96C2-AECBFE1FC56B}.Debug|Any CPU.ActiveCfg = Debug|Any CPU
		{12158999-BC3C-4E55-96C2-AECBFE1FC56B}.Debug|Any CPU.Build.0 = Debug|Any CPU
		{12158999-BC3C-4E55-96C2-AECBFE1FC56B}.Release|Any CPU.ActiveCfg = Release|Any CPU
		{12158999-BC3C-4E55-96C2-AECBFE1FC56B}.Release|Any CPU.Build.0 = Release|Any CPU
		{2BBCF70A-5C29-4052-AB4F-A0A82473D2F9}.Debug|Any CPU.ActiveCfg = Debug|Any CPU
		{2BBCF70A-5C29-4052-AB4F-A0A82473D2F9}.Debug|Any CPU.Build.0 = Debug|Any CPU
		{2BBCF70A-5C29-4052-AB4F-A0A82473D2F9}.Release|Any CPU.ActiveCfg = Release|Any CPU
		{2BBCF70A-5C29-4052-AB4F-A0A82473D2F9}.Release|Any CPU.Build.0 = Release|Any CPU
		{47BE192D-374C-4097-93BC-4D425E78AD1B}.Debug|Any CPU.ActiveCfg = Debug|Any CPU
		{47BE192D-374C-4097-93BC-4D425E78AD1B}.Debug|Any CPU.Build.0 = Debug|Any CPU
		{47BE192D-374C-4097-93BC-4D425E78AD1B}.Release|Any CPU.ActiveCfg = Release|Any CPU
		{47BE192D-374C-4097-93BC-4D425E78AD1B}.Release|Any CPU.Build.0 = Release|Any CPU
		{4E91935F-5043-9116-3072-2848829D4A80}.Debug|Any CPU.ActiveCfg = Debug|Any CPU
		{4E91935F-5043-9116-3072-2848829D4A80}.Debug|Any CPU.Build.0 = Debug|Any CPU
		{4E91935F-5043-9116-3072-2848829D4A80}.Release|Any CPU.ActiveCfg = Release|Any CPU
		{4E91935F-5043-9116-3072-2848829D4A80}.Release|Any CPU.Build.0 = Release|Any CPU
		{81DDED9D-158B-E303-5F62-77A2896D2A5A}.Debug|Any CPU.ActiveCfg = Debug|Any CPU
		{81DDED9D-158B-E303-5F62-77A2896D2A5A}.Debug|Any CPU.Build.0 = Debug|Any CPU
		{81DDED9D-158B-E303-5F62-77A2896D2A5A}.Release|Any CPU.ActiveCfg = Release|Any CPU
		{81DDED9D-158B-E303-5F62-77A2896D2A5A}.Release|Any CPU.Build.0 = Release|Any CPU
		{1A497445-6502-4263-B852-1D736AD54F86}.Debug|Any CPU.ActiveCfg = Debug|Any CPU
		{1A497445-6502-4263-B852-1D736AD54F86}.Debug|Any CPU.Build.0 = Debug|Any CPU
		{1A497445-6502-4263-B852-1D736AD54F86}.Release|Any CPU.ActiveCfg = Release|Any CPU
		{1A497445-6502-4263-B852-1D736AD54F86}.Release|Any CPU.Build.0 = Release|Any CPU
		{0D51CDEA-CDC9-48E3-A6CF-94CD5E1FFE26}.Debug|Any CPU.ActiveCfg = Debug|Any CPU
		{0D51CDEA-CDC9-48E3-A6CF-94CD5E1FFE26}.Debug|Any CPU.Build.0 = Debug|Any CPU
		{0D51CDEA-CDC9-48E3-A6CF-94CD5E1FFE26}.Release|Any CPU.ActiveCfg = Release|Any CPU
		{0D51CDEA-CDC9-48E3-A6CF-94CD5E1FFE26}.Release|Any CPU.Build.0 = Release|Any CPU
		{06363C1C-8C78-CA27-F375-774062789C4C}.Debug|Any CPU.ActiveCfg = Debug|Any CPU
		{06363C1C-8C78-CA27-F375-774062789C4C}.Debug|Any CPU.Build.0 = Debug|Any CPU
		{06363C1C-8C78-CA27-F375-774062789C4C}.Debug|Any CPU.Deploy.0 = Debug|Any CPU
		{06363C1C-8C78-CA27-F375-774062789C4C}.Release|Any CPU.ActiveCfg = Release|Any CPU
		{06363C1C-8C78-CA27-F375-774062789C4C}.Release|Any CPU.Build.0 = Release|Any CPU
		{06363C1C-8C78-CA27-F375-774062789C4C}.Release|Any CPU.Deploy.0 = Release|Any CPU
	EndGlobalSection
	GlobalSection(SolutionProperties) = preSolution
		HideSolutionNode = FALSE
	EndGlobalSection
	GlobalSection(NestedProjects) = preSolution
		{21F68A8B-A64A-452F-B5AB-2A8EB8E3E8D1} = {02EA681E-C7D8-13C7-8484-4AC65E1B71E8}
		{12158999-BC3C-4E55-96C2-AECBFE1FC56B} = {02EA681E-C7D8-13C7-8484-4AC65E1B71E8}
		{2BBCF70A-5C29-4052-AB4F-A0A82473D2F9} = {02EA681E-C7D8-13C7-8484-4AC65E1B71E8}
		{47BE192D-374C-4097-93BC-4D425E78AD1B} = {02EA681E-C7D8-13C7-8484-4AC65E1B71E8}
		{4E91935F-5043-9116-3072-2848829D4A80} = {170078B7-4B0E-4BBF-B95D-5C93650C9EE1}
		{1A497445-6502-4263-B852-1D736AD54F86} = {02EA681E-C7D8-13C7-8484-4AC65E1B71E8}
		{0D51CDEA-CDC9-48E3-A6CF-94CD5E1FFE26} = {02EA681E-C7D8-13C7-8484-4AC65E1B71E8}
		{06363C1C-8C78-CA27-F375-774062789C4C} = {02EA681E-C7D8-13C7-8484-4AC65E1B71E8}
		{790EFB4A-280A-4B52-BE73-EA04B2B01265} = {A1F7A5F6-A301-4F44-A0A6-F2AB99715482}
	EndGlobalSection
	GlobalSection(ExtensibilityGlobals) = postSolution
		SolutionGuid = {DCA49A4D-3FBD-4E27-AD47-FF317F2F8E9B}
	EndGlobalSection
EndGlobal
